
Microsoft Visual Studio Solution File, Format Version 12.00
# Visual Studio 2013
VisualStudioVersion = 12.0.21005.1
MinimumVisualStudioVersion = 10.0.40219.1
Project("{8BC9CEB8-8B4A-11D0-8D11-00A0C91BC942}") = "COMG_DonovanSim", "COMG_DonovanSim\COMG_DonovanSim.vcxproj", "{DB2C6595-20ED-4D98-B8F1-988BBF718F89}"
	ProjectSection(ProjectDependencies) = postProject
		{FA5A4F47-B404-4CF5-A2B3-B5ADFBE775C0} = {FA5A4F47-B404-4CF5-A2B3-B5ADFBE775C0}
	EndProjectSection
EndProject
Project("{8BC9CEB8-8B4A-11D0-8D11-00A0C91BC942}") = "Common", "Common\Common.vcxproj", "{FA5A4F47-B404-4CF5-A2B3-B5ADFBE775C0}"
EndProject
Project("{8BC9CEB8-8B4A-11D0-8D11-00A0C91BC942}") = "GoogleTest", "GoogleTest\GoogleTest.vcxproj", "{25EE2F42-19F7-4978-8A44-303847B8006D}"
EndProject
Project("{8BC9CEB8-8B4A-11D0-8D11-00A0C91BC942}") = "Test", "Test\Test.vcxproj", "{B2C453A9-E08A-42EC-B052-F5FBA490EAE8}"
EndProject
Global
	GlobalSection(SolutionConfigurationPlatforms) = preSolution
		Debug|Win32 = Debug|Win32
		Release|Win32 = Release|Win32
	EndGlobalSection
	GlobalSection(ProjectConfigurationPlatforms) = postSolution
		{DB2C6595-20ED-4D98-B8F1-988BBF718F89}.Debug|Win32.ActiveCfg = Debug|Win32
		{DB2C6595-20ED-4D98-B8F1-988BBF718F89}.Debug|Win32.Build.0 = Debug|Win32
		{DB2C6595-20ED-4D98-B8F1-988BBF718F89}.Release|Win32.ActiveCfg = Release|Win32
		{DB2C6595-20ED-4D98-B8F1-988BBF718F89}.Release|Win32.Build.0 = Release|Win32
		{FA5A4F47-B404-4CF5-A2B3-B5ADFBE775C0}.Debug|Win32.ActiveCfg = Debug|Win32
		{FA5A4F47-B404-4CF5-A2B3-B5ADFBE775C0}.Debug|Win32.Build.0 = Debug|Win32
		{FA5A4F47-B404-4CF5-A2B3-B5ADFBE775C0}.Release|Win32.ActiveCfg = Release|Win32
		{FA5A4F47-B404-4CF5-A2B3-B5ADFBE775C0}.Release|Win32.Build.0 = Release|Win32
		{25EE2F42-19F7-4978-8A44-303847B8006D}.Debug|Win32.ActiveCfg = Debug|Win32
		{25EE2F42-19F7-4978-8A44-303847B8006D}.Debug|Win32.Build.0 = Debug|Win32
		{25EE2F42-19F7-4978-8A44-303847B8006D}.Release|Win32.ActiveCfg = Release|Win32
		{25EE2F42-19F7-4978-8A44-303847B8006D}.Release|Win32.Build.0 = Release|Win32
		{B2C453A9-E08A-42EC-B052-F5FBA490EAE8}.Debug|Win32.ActiveCfg = Debug|Win32
		{B2C453A9-E08A-42EC-B052-F5FBA490EAE8}.Debug|Win32.Build.0 = Debug|Win32
		{B2C453A9-E08A-42EC-B052-F5FBA490EAE8}.Release|Win32.ActiveCfg = Release|Win32
		{B2C453A9-E08A-42EC-B052-F5FBA490EAE8}.Release|Win32.Build.0 = Release|Win32
	EndGlobalSection
	GlobalSection(SolutionProperties) = preSolution
		HideSolutionNode = FALSE
	EndGlobalSection
EndGlobal
